
Microsoft Visual Studio Solution File, Format Version 12.00
# Visual Studio Version 16
VisualStudioVersion = 16.0.32602.291
MinimumVisualStudioVersion = 10.0.40219.1
Project("{9A19103F-16F7-4668-BE54-9A1E7A4F7556}") = "E-Commerce", "E-Commerce.csproj", "{E0032913-6EF2-4360-8BC1-0EF851215170}"
EndProject
Global
	GlobalSection(SolutionConfigurationPlatforms) = preSolution
		Debug|Any CPU = Debug|Any CPU
		Release|Any CPU = Release|Any CPU
	EndGlobalSection
	GlobalSection(ProjectConfigurationPlatforms) = postSolution
		{E0032913-6EF2-4360-8BC1-0EF851215170}.Debug|Any CPU.ActiveCfg = Debug|Any CPU
		{E0032913-6EF2-4360-8BC1-0EF851215170}.Debug|Any CPU.Build.0 = Debug|Any CPU
		{E0032913-6EF2-4360-8BC1-0EF851215170}.Release|Any CPU.ActiveCfg = Release|Any CPU
		{E0032913-6EF2-4360-8BC1-0EF851215170}.Release|Any CPU.Build.0 = Release|Any CPU
	EndGlobalSection
	GlobalSection(SolutionProperties) = preSolution
		HideSolutionNode = FALSE
	EndGlobalSection
	GlobalSection(ExtensibilityGlobals) = postSolution
		SolutionGuid = {568A6AB2-2632-4AA5-9549-6DD663FF31B7}
	EndGlobalSection
EndGlobal
